{
  "schema": 1,
  "package_version": "1.1.0",
  "source_revision": "4a8e77a033427701ee034d026a1ebb06b02e2571",
  "capabilities": [
    "mattpocock-suite"
  ],
  "files": {
    ".harness/skills/ask-matt/PHASE-BOUNDARIES.md": "bd0fe4291d25064080a5b880a17d2ebe320e65a63747a2d69a64b04d72a0d03e",
    ".harness/skills/ask-matt/SKILL.md": "3d38910535f5f01e15bc5fd7f6ca8880d628cd248741f08e6780dd7c1828e832",
    ".harness/skills/ask-matt/agents/openai.yaml": "bdffbc5a0a99ed1b6ef3253d251d755fd18162b9845972e380007f844b09b05c",
    ".harness/skills/code-review/SKILL.md": "4e8eeefbf3bd32ec2c911ed6c7db103866ce11fedc98b1f8e358d2e1cada3895",
    ".harness/skills/code-review/agents/openai.yaml": "8229ca854e11dc8e6aef2131ee03f31fb1561cf905fab9ccc325180cf3331352",
    ".harness/skills/codebase-design/DEEPENING.md": "125e6b77413ad2bc7cf7a772bc74336d580a50f9e797db2178ed133d62333d06",
    ".harness/skills/codebase-design/DESIGN-IT-TWICE.md": "09f9948ea7636a4d3704c5ab909762e876c0b39849eefb14d2e03a398cc9c7e7",
    ".harness/skills/codebase-design/SKILL.md": "a8d50abac5a4018f60e1d911d4b6f4e36454ca14d6c390c0695a578c7de65dad",
    ".harness/skills/codebase-design/agents/openai.yaml": "edebc9e4fcfe102114012575eaa9600b9b5fd08c311664f389c36e7bc717740f",
    ".harness/skills/diagnosing-bugs/SKILL.md": "573142d28dc5a4d931dd4a6faa3e615e731f8e9cc65d2dd4468045a2efd6148c",
    ".harness/skills/diagnosing-bugs/agents/openai.yaml": "3e430dbe4334a87597488c060cb3dc3786bb00c9182877d6f5ec41f62490e90b",
    ".harness/skills/diagnosing-bugs/scripts/hitl-loop.template.sh": "18ae07e1cc49b32c71767e241a6e8de4be74ef21d5e3b7e39034d9c7335f2d80",
    ".harness/skills/domain-modeling/ADR-FORMAT.md": "f1f36cd3f8d3b6474ddd5855da4e233bfc4ae1a1c5024909ccf11871819a41b2",
    ".harness/skills/domain-modeling/CONTEXT-FORMAT.md": "b8cc318f2a4285b530e908b6bc43901c3c5cd11100362636bbc4216639bef597",
    ".harness/skills/domain-modeling/SKILL.md": "9617041db9b0f6606ecf974e2061c83596b05059b5bb20ddb884c60f147c70e9",
    ".harness/skills/domain-modeling/agents/openai.yaml": "f6bf2aa996c6e6f53fdd0708e18a0d16a56aed8322cca59fedbe3c0d2c75f06b",
    ".harness/skills/grill-me/SKILL.md": "caaf8b8de1684f96e26b28f3c29189db5c89cce4b73e1c93d86164f66ef88637",
    ".harness/skills/grill-me/agents/openai.yaml": "c061e39c3e0f9d865fb1b97556d485704af2a8a58f4b8221a8917a5c2074a32b",
    ".harness/skills/grill-with-docs/SKILL.md": "7de372c13488f1ee96cc11cd8907b56b6809cc93eef776eeddd37de6b6cbe3fe",
    ".harness/skills/grill-with-docs/agents/openai.yaml": "94cd0ab161fb468a836349f5ed482ba58ce8e709a05c57ce533d739dbd35cca9",
    ".harness/skills/grilling/SKILL.md": "d2498125dd20a0d3a27f03e0ebcc8e681cf42be468e2d3e3c9e8f5dadcae8d47",
    ".harness/skills/grilling/agents/openai.yaml": "1411d7df7d99b7e621a1ff8283c8133cc2464be63d064e52d8ce169c6800ee9b",
    ".harness/skills/handoff/SKILL.md": "7c62de979fdc7ac32fb5ddb2146156c917f80ee070d30fadc9d40343c4b6ed25",
    ".harness/skills/handoff/agents/openai.yaml": "5c479fd562c691851690e8b18c8501045bef0943c10743d636b2fae26add1d28",
    ".harness/skills/implement/SKILL.md": "6d3fd9e83b8f36e5213854779db49b256a457a7ebb4a503e53fa7dcff696adc3",
    ".harness/skills/implement/agents/openai.yaml": "8970a8596ade0c28ab427f41a4ea242d6bdf6186c59ebf55e1238dbecaab79dc",
    ".harness/skills/improve-codebase-architecture/HTML-REPORT.md": "0b0936104158abeef7246ff6cbabefa4dc055f17589f2833f2d93001421910a1",
    ".harness/skills/improve-codebase-architecture/SKILL.md": "387f38d21367761c94d4b4dcea9e9d7d3e31f896c4decebf4984483e42125cfc",
    ".harness/skills/improve-codebase-architecture/agents/openai.yaml": "c8cb20f68ebf0edb4e497bc11ae5fcaa196004e661cd189015b04f4109ced7f1",
    ".harness/skills/prototype/LOGIC.md": "5aef84c2ef514dd2a7268433abd3ee8e47b35f42b60e0b5f7430ec4937f4f06a",
    ".harness/skills/prototype/SKILL.md": "2579ecf89a7fb7e73345117405c7ba9b9fb5ab22a78ecb08b0ce68b73f0148c2",
    ".harness/skills/prototype/UI.md": "e2ca04434be54acdee2f5df582ef8038fadf582bbcc99be0d2e27737ff8ed096",
    ".harness/skills/prototype/agents/openai.yaml": "5af65e43ab41a350436697b81e27b7f848d36782043b73c322bb2c9fa9cc55dc",
    ".harness/skills/research/SKILL.md": "af378829f015775a3bcd65ff466826722e99359017ae6bae227ca4c9bd14049c",
    ".harness/skills/research/agents/openai.yaml": "9b4c470d63221c1f68f22df70b83e2f12401b317babe0d1b7b5f24a974474d0d",
    ".harness/skills/resolving-merge-conflicts/SKILL.md": "c7c9ba81362a786aac05d2223123bf1bd2f8a99c3243a72882ede9c68bedfb24",
    ".harness/skills/resolving-merge-conflicts/agents/openai.yaml": "a1f4f96838f2ed6282eb28abbbf99029cb8fadce552baf53da90a025b8bffddf",
    ".harness/skills/setup-matt-pocock-skills/SKILL.md": "310fb1a73c0467e617e17d7c41d4a2278b5405c4a27f36d7cd22bb4599aee6bb",
    ".harness/skills/setup-matt-pocock-skills/agents/openai.yaml": "9527de0110541c45712319025155aeab8dc7d77c6ed6e5e83271bab1851ab939",
    ".harness/skills/setup-matt-pocock-skills/domain.md": "25be404b58798b3cb2d51c93dba2ab052fc3a425632185726ac3f5fcff193b99",
    ".harness/skills/setup-matt-pocock-skills/issue-tracker-github.md": "ec8332bb69e7e79e349989e940be481a0c79b552be3acc613e718278bcc5e03d",
    ".harness/skills/setup-matt-pocock-skills/issue-tracker-gitlab.md": "16ea4a727803876cbc763e1f6b00992b3b393ba5e0cd394382dccc0f8d83c564",
    ".harness/skills/setup-matt-pocock-skills/issue-tracker-local.md": "6f38f66f9ffce2fdc26c43608d06b527f60e45c6f43003d0ea77d4e2641c9de3",
    ".harness/skills/setup-matt-pocock-skills/triage-labels.md": "4f53c9b40ce2651e3611aa090eaedbd6dbc9b71ef8c5f7e65eac0d8263190d0d",
    ".harness/skills/tdd/SKILL.md": "6875cbca6b7d17be635dc9b457cc6363125f85cef26f443991b77c7d9eb430d2",
    ".harness/skills/tdd/agents/openai.yaml": "ea6f01cf1b8c06a4b0f5b649d74b1b8ce8685e72af1b38d70d877693e092af0b",
    ".harness/skills/tdd/mocking.md": "3ceb807fdf4a47d6a93d4d9a891e5ba6d362a6247bd08adc451feebfc17361ef",
    ".harness/skills/tdd/tests.md": "859f9e592c188fda4fc7277dd180e4ce9c7a2e13f6efe1f6f29eccc9d28c106a",
    ".harness/skills/teach/GLOSSARY-FORMAT.md": "d177def491519d97873291f2e860d8f1d60ead78feecb82eee022177958069c6",
    ".harness/skills/teach/LEARNING-RECORD-FORMAT.md": "855f81017625256584bbf62bd5edb9b0c86605c4cc1139c56acc36b802595d17",
    ".harness/skills/teach/MISSION-FORMAT.md": "8da6d3ac84eb2eb19f17c260b6acf01c560d3ac7a4501c415eea0e985602f4d7",
    ".harness/skills/teach/RESOURCES-FORMAT.md": "2bc634a64b0d0daa10904f9222e7aa0d361420dfacabbf092fbe3a72222edc08",
    ".harness/skills/teach/SKILL.md": "6d2dbe5e03084cf26fef66b535127b36cd1bcbe9478e26b0626029cd51dc2259",
    ".harness/skills/teach/agents/openai.yaml": "5856f3ae8aec742f1499c640aecdd5f1d6af5fa210a7c6ec794de8263a6f733f",
    ".harness/skills/to-questionnaire/SKILL.md": "8e7f9ed8d7b2e66babf1a54aee9b94319bf38c32619cffe78819df6518ead5fc",
    ".harness/skills/to-questionnaire/agents/openai.yaml": "9e8a06c38c8842eea8d4922cb9d1ead8e3ace647bab259b943c994a1b4742bc2",
    ".harness/skills/to-spec/SKILL.md": "69ae8bd0ee33d4d350e50eed68f8c958c4b95ffa502ad90e7757e95e7e21419d",
    ".harness/skills/to-spec/agents/openai.yaml": "1c5b4d1e3d8e52287ef19cc2742fdbbfae1914ac75d33af3e4c8174f08cc55bb",
    ".harness/skills/to-tickets/SKILL.md": "7d211a9262a741b62c70e06dafb507732f5927cca6839391a4fd9f47ace98984",
    ".harness/skills/to-tickets/agents/openai.yaml": "21bc6215fffcd7614e9f772bb1760e87cc5fc7dcc707e7d282bc9414267a6090",
    ".harness/skills/triage/AGENT-BRIEF.md": "5b78d347cc53f6bcf7b875106005ccf5315055fa4cf75eb28d41e96ee426d27b",
    ".harness/skills/triage/OUT-OF-SCOPE.md": "2526f998fd7ca5e956d3f6f234bcc2431a5971ee769f1148ddc60b92f04d5914",
    ".harness/skills/triage/SKILL.md": "e52a18163b7b76431393d89c414426b202cacc812f49f95d540d33f2a058dde1",
    ".harness/skills/triage/agents/openai.yaml": "2e683717720cf456d165d0bb1a68bb600d0b6a8ccb61841c172e50d26f95351c",
    ".harness/skills/wait-what/SKILL.md": "8923f7df1a0d1b138281658e134caa4bf1c618d2876a2323b19acdfdffebc024",
    ".harness/skills/wait-what/agents/openai.yaml": "3ec661af8fc7063b650518c95ab775bbeabaefce38b89acaf6da2f749168f37e",
    ".harness/skills/wayfinder/SKILL.md": "73cc3fc0951b02f028e035e381b69a17e14700b04ecb51fdb0aaf3ce1162b959",
    ".harness/skills/wayfinder/agents/openai.yaml": "88bc81a11a6d52ac67aeaa76b8b619e387020d47c5133a4dd4927fd15c4ad073",
    ".harness/skills/wizard/SKILL.md": "7fb2b4ba23870ec028c85c6d7ef1ca573413ca7026bd4d410fe0e6d8dc9d1e92",
    ".harness/skills/wizard/agents/openai.yaml": "98f44d682d58e262f160dc59a8befc365e0aa65820dd0261864af26aa8e59d83",
    ".harness/skills/wizard/template.sh": "d43dc3f7b6008779ef55e3935bf1df246b5bc194b7f9e1dee3d9340a00922ce6",
    ".harness/skills/writing-for-agents/SKILL-MECHANICS.md": "b4c54a0aaad3f6eddefde6d06770a0e401fbb8fc6a8f49ce18af816bd144d14d",
    ".harness/skills/writing-for-agents/SKILL.md": "a842323e664e5af104eac5c97ad22fda929ebeb62d81c501161ac1f6f482db58",
    ".harness/skills/writing-for-agents/agents/openai.yaml": "eacb24b2a618cfb81dacb0416f4fdd75ddf3a8060f8ddb99aae1b1e301907e4b"
  }
}
